
Microsoft Visual Studio Solution File, Format Version 12.00
# Visual Studio Version 17
VisualStudioVersion = 17.4.33205.214
MinimumVisualStudioVersion = 10.0.40219.1
Project("{FAE04EC0-301F-11D3-BF4B-00C04F79EFBC}") = "WindowsFormsApp1", "WindowsFormsApp1\WindowsFormsApp1.csproj", "{213A44A1-B20A-467D-9C4D-86038280F690}"
EndProject
Global
	GlobalSection(SolutionConfigurationPlatforms) = preSolution
		Debug|Any CPU = Debug|Any CPU
		Release|Any CPU = Release|Any CPU
	EndGlobalSection
	GlobalSection(ProjectConfigurationPlatforms) = postSolution
		{213A44A1-B20A-467D-9C4D-86038280F690}.Debug|Any CPU.ActiveCfg = Debug|Any CPU
		{213A44A1-B20A-467D-9C4D-86038280F690}.Debug|Any CPU.Build.0 = Debug|Any CPU
		{213A44A1-B20A-467D-9C4D-86038280F690}.Release|Any CPU.ActiveCfg = Release|Any CPU
		{213A44A1-B20A-467D-9C4D-86038280F690}.Release|Any CPU.Build.0 = Release|Any CPU
	EndGlobalSection
	GlobalSection(SolutionProperties) = preSolution
		HideSolutionNode = FALSE
	EndGlobalSection
	GlobalSection(ExtensibilityGlobals) = postSolution
		SolutionGuid = {2A7E8703-65B2-42B2-AE8C-0C4B1501E492}
	EndGlobalSection
EndGlobal
